
Microsoft Visual Studio Solution File, Format Version 12.00
# Visual Studio Version 17
VisualStudioVersion = 17.0.31912.275
MinimumVisualStudioVersion = 10.0.40219.1
Project("{9A19103F-16F7-4668-BE54-9A1E7A4F7556}") = "UncoverFoundationedOceans", "UncoverFoundationedOceans\UncoverFoundationedOceans.csproj", "{CDCAB875-2C46-4C23-8570-C551FE7150ED}"
EndProject
Project("{FAE04EC0-301F-11D3-BF4B-00C04F79EFBC}") = "AutoQueueTech", "AutoQueueTech\AutoQueueTech.csproj", "{077AD5E1-AE4B-4194-92C4-774986CCAA4B}"
EndProject
Project("{FAE04EC0-301F-11D3-BF4B-00C04F79EFBC}") = "BetterWarningIcons", "BetterWarningIcons\BetterWarningIcons.csproj", "{9FBEE2DC-806D-419A-A6F5-F37267EA5B12}"
EndProject
Project("{FAE04EC0-301F-11D3-BF4B-00C04F79EFBC}") = "CustomResolutions", "CustomResolutions\CustomResolutions.csproj", "{A968490C-57CE-499C-8424-C0C22823EDE7}"
EndProject
Project("{FAE04EC0-301F-11D3-BF4B-00C04F79EFBC}") = "DontPauseInMechaEditor", "DontPauseInMechaEditor\DontPauseInMechaEditor.csproj", "{490A65EF-FD8E-4B4B-BE18-84D7C4868539}"
EndProject
Project("{FAE04EC0-301F-11D3-BF4B-00C04F79EFBC}") = "DroneControl", "DroneControl\DroneControl.csproj", "{2DA04D48-E910-4EBD-9870-428A5A9070E4}"
EndProject
Project("{FAE04EC0-301F-11D3-BF4B-00C04F79EFBC}") = "HideRandomTips", "HideRandomTips\HideRandomTips.csproj", "{A22A527B-9D82-469E-8E0E-A4D3793D0DC0}"
EndProject
Project("{FAE04EC0-301F-11D3-BF4B-00C04F79EFBC}") = "UIEnhancements", "UIEnhancements\UIEnhancements.csproj", "{D016DE74-4FAF-4C7E-81E9-D03F91C7CF35}"
EndProject
Project("{FAE04EC0-301F-11D3-BF4B-00C04F79EFBC}") = "DankFrog", "DankFrog\DankFrog.csproj", "{F1F945C0-E0E8-4485-BEEE-B8F50149CE58}"
EndProject
Global
	GlobalSection(SolutionConfigurationPlatforms) = preSolution
		Debug|Any CPU = Debug|Any CPU
		Release|Any CPU = Release|Any CPU
	EndGlobalSection
	GlobalSection(ProjectConfigurationPlatforms) = postSolution
		{CDCAB875-2C46-4C23-8570-C551FE7150ED}.Debug|Any CPU.ActiveCfg = Debug|Any CPU
		{CDCAB875-2C46-4C23-8570-C551FE7150ED}.Debug|Any CPU.Build.0 = Debug|Any CPU
		{CDCAB875-2C46-4C23-8570-C551FE7150ED}.Release|Any CPU.ActiveCfg = Release|Any CPU
		{CDCAB875-2C46-4C23-8570-C551FE7150ED}.Release|Any CPU.Build.0 = Release|Any CPU
		{077AD5E1-AE4B-4194-92C4-774986CCAA4B}.Debug|Any CPU.ActiveCfg = Debug|Any CPU
		{077AD5E1-AE4B-4194-92C4-774986CCAA4B}.Debug|Any CPU.Build.0 = Debug|Any CPU
		{077AD5E1-AE4B-4194-92C4-774986CCAA4B}.Release|Any CPU.ActiveCfg = Release|Any CPU
		{077AD5E1-AE4B-4194-92C4-774986CCAA4B}.Release|Any CPU.Build.0 = Release|Any CPU
		{9FBEE2DC-806D-419A-A6F5-F37267EA5B12}.Debug|Any CPU.ActiveCfg = Debug|Any CPU
		{9FBEE2DC-806D-419A-A6F5-F37267EA5B12}.Debug|Any CPU.Build.0 = Debug|Any CPU
		{9FBEE2DC-806D-419A-A6F5-F37267EA5B12}.Release|Any CPU.ActiveCfg = Release|Any CPU
		{9FBEE2DC-806D-419A-A6F5-F37267EA5B12}.Release|Any CPU.Build.0 = Release|Any CPU
		{A968490C-57CE-499C-8424-C0C22823EDE7}.Debug|Any CPU.ActiveCfg = Debug|Any CPU
		{A968490C-57CE-499C-8424-C0C22823EDE7}.Debug|Any CPU.Build.0 = Debug|Any CPU
		{A968490C-57CE-499C-8424-C0C22823EDE7}.Release|Any CPU.ActiveCfg = Release|Any CPU
		{A968490C-57CE-499C-8424-C0C22823EDE7}.Release|Any CPU.Build.0 = Release|Any CPU
		{490A65EF-FD8E-4B4B-BE18-84D7C4868539}.Debug|Any CPU.ActiveCfg = Debug|Any CPU
		{490A65EF-FD8E-4B4B-BE18-84D7C4868539}.Debug|Any CPU.Build.0 = Debug|Any CPU
		{490A65EF-FD8E-4B4B-BE18-84D7C4868539}.Release|Any CPU.ActiveCfg = Release|Any CPU
		{490A65EF-FD8E-4B4B-BE18-84D7C4868539}.Release|Any CPU.Build.0 = Release|Any CPU
		{2DA04D48-E910-4EBD-9870-428A5A9070E4}.Debug|Any CPU.ActiveCfg = Debug|Any CPU
		{2DA04D48-E910-4EBD-9870-428A5A9070E4}.Debug|Any CPU.Build.0 = Debug|Any CPU
		{2DA04D48-E910-4EBD-9870-428A5A9070E4}.Release|Any CPU.ActiveCfg = Release|Any CPU
		{2DA04D48-E910-4EBD-9870-428A5A9070E4}.Release|Any CPU.Build.0 = Release|Any CPU
		{A22A527B-9D82-469E-8E0E-A4D3793D0DC0}.Debug|Any CPU.ActiveCfg = Debug|Any CPU
		{A22A527B-9D82-469E-8E0E-A4D3793D0DC0}.Debug|Any CPU.Build.0 = Debug|Any CPU
		{A22A527B-9D82-469E-8E0E-A4D3793D0DC0}.Release|Any CPU.ActiveCfg = Release|Any CPU
		{A22A527B-9D82-469E-8E0E-A4D3793D0DC0}.Release|Any CPU.Build.0 = Release|Any CPU
		{D016DE74-4FAF-4C7E-81E9-D03F91C7CF35}.Debug|Any CPU.ActiveCfg = Debug|Any CPU
		{D016DE74-4FAF-4C7E-81E9-D03F91C7CF35}.Debug|Any CPU.Build.0 = Debug|Any CPU
		{D016DE74-4FAF-4C7E-81E9-D03F91C7CF35}.Release|Any CPU.ActiveCfg = Release|Any CPU
		{D016DE74-4FAF-4C7E-81E9-D03F91C7CF35}.Release|Any CPU.Build.0 = Release|Any CPU
		{F1F945C0-E0E8-4485-BEEE-B8F50149CE58}.Debug|Any CPU.ActiveCfg = Debug|Any CPU
		{F1F945C0-E0E8-4485-BEEE-B8F50149CE58}.Debug|Any CPU.Build.0 = Debug|Any CPU
		{F1F945C0-E0E8-4485-BEEE-B8F50149CE58}.Release|Any CPU.ActiveCfg = Release|Any CPU
		{F1F945C0-E0E8-4485-BEEE-B8F50149CE58}.Release|Any CPU.Build.0 = Release|Any CPU
	EndGlobalSection
	GlobalSection(SolutionProperties) = preSolution
		HideSolutionNode = FALSE
	EndGlobalSection
	GlobalSection(ExtensibilityGlobals) = postSolution
		SolutionGuid = {FA0296C5-4575-4292-A8AE-4182DCD8866D}
	EndGlobalSection
EndGlobal
